{
    "requires": true,
    "lockfileVersion": 1,
    "dependencies": {
        "ansi-colors": {
            "version": "4.1.1",
            "resolved": "https://registry.npmjs.org/ansi-colors/-/ansi-colors-4.1.1.tgz",
            "integrity": "sha512-JoX0apGbHaUJBNl6yF+p6JAFYZ666/hhCGKN5t9QFjbJQKUU/g8MNbFDbvfrgKXvI1QpZplPOnwIo99lX/AAmA=="
        },
        "esbuild": {
            "version": "0.11.13",
            "resolved": "https://registry.npmjs.org/esbuild/-/esbuild-0.11.13.tgz",
            "integrity": "sha512-d5coY4dd4rVWle0WzrR8+32ukKtZroVJ/wJzOwbBEmoSFB/H3QME0l+3IAN5Sf3LtuoUSivdv1/b5rD7OykXeg==",
            "dev": true
        }
    }
}
